
Microsoft Visual Studio Solution File, Format Version 12.00
# Visual Studio Version 17
VisualStudioVersion = 17.0.31903.59
MinimumVisualStudioVersion = 10.0.40219.1
Project("{FAE04EC0-301F-11D3-BF4B-00C04F79EFBC}") = "IKKWID", "IKKWID\IKKWID.csproj", "{F64CB931-0D94-483F-9901-1B025CDE634F}"
EndProject
Global
	GlobalSection(SolutionConfigurationPlatforms) = preSolution
		Debug|Any CPU = Debug|Any CPU
		Release|Any CPU = Release|Any CPU
	EndGlobalSection
	GlobalSection(ProjectConfigurationPlatforms) = postSolution
		{F64CB931-0D94-483F-9901-1B025CDE634F}.Debug|Any CPU.ActiveCfg = Debug|Any CPU
		{F64CB931-0D94-483F-9901-1B025CDE634F}.Debug|Any CPU.Build.0 = Debug|Any CPU
		{F64CB931-0D94-483F-9901-1B025CDE634F}.Release|Any CPU.ActiveCfg = Release|Any CPU
		{F64CB931-0D94-483F-9901-1B025CDE634F}.Release|Any CPU.Build.0 = Release|Any CPU
	EndGlobalSection
	GlobalSection(SolutionProperties) = preSolution
		HideSolutionNode = FALSE
	EndGlobalSection
	GlobalSection(ExtensibilityGlobals) = postSolution
		SolutionGuid = {F40B662E-9EB7-49F2-9582-3E3ABA7A676D}
	EndGlobalSection
EndGlobal
